
Microsoft Visual Studio Solution File, Format Version 12.00
# Visual Studio Version 17
VisualStudioVersion = 17.14.36414.22 d17.14
MinimumVisualStudioVersion = 10.0.40219.1
Project("{FAE04EC0-301F-11D3-BF4B-00C04F79EFBC}") = "kt12.1", "kt12.1\kt12.1.csproj", "{28502C3F-71F4-4D3D-B812-111C6593082A}"
EndProject
Global
	GlobalSection(SolutionConfigurationPlatforms) = preSolution
		Debug|Any CPU = Debug|Any CPU
		Release|Any CPU = Release|Any CPU
	EndGlobalSection
	GlobalSection(ProjectConfigurationPlatforms) = postSolution
		{28502C3F-71F4-4D3D-B812-111C6593082A}.Debug|Any CPU.ActiveCfg = Debug|Any CPU
		{28502C3F-71F4-4D3D-B812-111C6593082A}.Debug|Any CPU.Build.0 = Debug|Any CPU
		{28502C3F-71F4-4D3D-B812-111C6593082A}.Release|Any CPU.ActiveCfg = Release|Any CPU
		{28502C3F-71F4-4D3D-B812-111C6593082A}.Release|Any CPU.Build.0 = Release|Any CPU
	EndGlobalSection
	GlobalSection(SolutionProperties) = preSolution
		HideSolutionNode = FALSE
	EndGlobalSection
	GlobalSection(ExtensibilityGlobals) = postSolution
		SolutionGuid = {25671E34-9F7A-45F7-80A9-226C02F4B543}
	EndGlobalSection
EndGlobal
